
Microsoft Visual Studio Solution File, Format Version 12.00
# Visual Studio Version 16
VisualStudioVersion = 16.0.30413.136
MinimumVisualStudioVersion = 10.0.40219.1
Project("{FAE04EC0-301F-11D3-BF4B-00C04F79EFBC}") = "L01_IntroductionToEF", "L01_IntroductionToEF\L01_IntroductionToEF.csproj", "{5195D7CD-C8FF-4D2D-A0BB-692C5527A57A}"
EndProject
Project("{FAE04EC0-301F-11D3-BF4B-00C04F79EFBC}") = "L02_EntityFrameworkFundamentals_HW1", "L02_EntityFrameworkFundamentals_HW1\L02_EntityFrameworkFundamentals_HW1.csproj", "{406C9A01-22E1-4062-8645-CED4D1A1BE1F}"
EndProject
Project("{FAE04EC0-301F-11D3-BF4B-00C04F79EFBC}") = "L02_EntityFrameworkFundamentals_HW2", "L02_EntityFrameworkFundamentals_HW2\L02_EntityFrameworkFundamentals_HW2.csproj", "{6C0480B6-9E01-4D8E-AF68-5CB5A272A0FA}"
EndProject
Project("{FAE04EC0-301F-11D3-BF4B-00C04F79EFBC}") = "L03_LINQFeatures_HW", "L03_LINQFeatures_HW\L03_LINQFeatures_HW.csproj", "{BA44D40A-9BA0-4371-92E4-C75094E6CC55}"
EndProject
Project("{FAE04EC0-301F-11D3-BF4B-00C04F79EFBC}") = "L04_FluentAPIAndDataAnnotations_HW1", "L04_FluentAPIAndDataAnnotations_HW1\L04_FluentAPIAndDataAnnotations_HW1.csproj", "{870655D9-C423-44EC-AD08-881561665D0C}"
EndProject
Project("{FAE04EC0-301F-11D3-BF4B-00C04F79EFBC}") = "L04_FluentAPIAndDataAnnotations_HW2", "L04_FluentAPIAndDataAnnotations_HW2\L04_FluentAPIAndDataAnnotations_HW2.csproj", "{231D33C5-ED93-4E2C-BE8E-E86EAACF8B72}"
EndProject
Global
	GlobalSection(SolutionConfigurationPlatforms) = preSolution
		Debug|Any CPU = Debug|Any CPU
		Release|Any CPU = Release|Any CPU
	EndGlobalSection
	GlobalSection(ProjectConfigurationPlatforms) = postSolution
		{5195D7CD-C8FF-4D2D-A0BB-692C5527A57A}.Debug|Any CPU.ActiveCfg = Debug|Any CPU
		{5195D7CD-C8FF-4D2D-A0BB-692C5527A57A}.Debug|Any CPU.Build.0 = Debug|Any CPU
		{5195D7CD-C8FF-4D2D-A0BB-692C5527A57A}.Release|Any CPU.ActiveCfg = Release|Any CPU
		{5195D7CD-C8FF-4D2D-A0BB-692C5527A57A}.Release|Any CPU.Build.0 = Release|Any CPU
		{406C9A01-22E1-4062-8645-CED4D1A1BE1F}.Debug|Any CPU.ActiveCfg = Debug|Any CPU
		{406C9A01-22E1-4062-8645-CED4D1A1BE1F}.Debug|Any CPU.Build.0 = Debug|Any CPU
		{406C9A01-22E1-4062-8645-CED4D1A1BE1F}.Release|Any CPU.ActiveCfg = Release|Any CPU
		{406C9A01-22E1-4062-8645-CED4D1A1BE1F}.Release|Any CPU.Build.0 = Release|Any CPU
		{6C0480B6-9E01-4D8E-AF68-5CB5A272A0FA}.Debug|Any CPU.ActiveCfg = Debug|Any CPU
		{6C0480B6-9E01-4D8E-AF68-5CB5A272A0FA}.Debug|Any CPU.Build.0 = Debug|Any CPU
		{6C0480B6-9E01-4D8E-AF68-5CB5A272A0FA}.Release|Any CPU.ActiveCfg = Release|Any CPU
		{6C0480B6-9E01-4D8E-AF68-5CB5A272A0FA}.Release|Any CPU.Build.0 = Release|Any CPU
		{BA44D40A-9BA0-4371-92E4-C75094E6CC55}.Debug|Any CPU.ActiveCfg = Debug|Any CPU
		{BA44D40A-9BA0-4371-92E4-C75094E6CC55}.Debug|Any CPU.Build.0 = Debug|Any CPU
		{BA44D40A-9BA0-4371-92E4-C75094E6CC55}.Release|Any CPU.ActiveCfg = Release|Any CPU
		{BA44D40A-9BA0-4371-92E4-C75094E6CC55}.Release|Any CPU.Build.0 = Release|Any CPU
		{870655D9-C423-44EC-AD08-881561665D0C}.Debug|Any CPU.ActiveCfg = Debug|Any CPU
		{870655D9-C423-44EC-AD08-881561665D0C}.Debug|Any CPU.Build.0 = Debug|Any CPU
		{870655D9-C423-44EC-AD08-881561665D0C}.Release|Any CPU.ActiveCfg = Release|Any CPU
		{870655D9-C423-44EC-AD08-881561665D0C}.Release|Any CPU.Build.0 = Release|Any CPU
		{231D33C5-ED93-4E2C-BE8E-E86EAACF8B72}.Debug|Any CPU.ActiveCfg = Debug|Any CPU
		{231D33C5-ED93-4E2C-BE8E-E86EAACF8B72}.Debug|Any CPU.Build.0 = Debug|Any CPU
		{231D33C5-ED93-4E2C-BE8E-E86EAACF8B72}.Release|Any CPU.ActiveCfg = Release|Any CPU
		{231D33C5-ED93-4E2C-BE8E-E86EAACF8B72}.Release|Any CPU.Build.0 = Release|Any CPU
	EndGlobalSection
	GlobalSection(SolutionProperties) = preSolution
		HideSolutionNode = FALSE
	EndGlobalSection
	GlobalSection(ExtensibilityGlobals) = postSolution
		SolutionGuid = {AC0EA9CC-1259-441D-BB80-DAB0645C43A2}
	EndGlobalSection
EndGlobal
